filippo.io/edwards25519 v1.1.0 h1:FNf4tywRC1HmFuKW5xopWpigGjJKiJSV0Cqo0cJWDaA=
filippo.io/edwards25519 v1.1.0/go.mod h1:BxyFTGdWcka3PhytdK4V28tE5sGfRvvvRV7EaN4VDT4=
github.com/UNO-SOFT/zlog v0.8.1 h1:TEFkGJHtUfTRgMkLZiAjLSHALjwSBdw6/zByMC5GJt4=
github.com/UNO-SOFT/zlog v0.8.1/go.mod h1:yqFOjn3OhvJ4j7ArJqQNA+9V+u6t9zSAyIZdWdMweWc=
github.com/VictoriaMetrics/easyproto v0.1.4 h1:r8cNvo8o6sR4QShBXQd1bKw/VVLSQma/V2KhTBPf+Sc=
github.com/VictoriaMetrics/easyproto v0.1.4/go.mod h1:QlGlzaJnDfFd8Lk6Ci/fuLxfTo3/GThPs2KH23mv710=
github.com/go-logfmt/logfmt v0.6.1 h1:4hvbpePJKnIzH1B+8OR/JPbTx37NktoI9LE2QZBBkvE=
github.com/go-logfmt/logfmt v0.6.1/go.mod h1:EV2pOAQoZaT1ZXZbqDl5hrymndi4SY9ED9/z6CO0XAk=
github.com/go-logr/logr v1.2.4 h1:g01GSCwiDw2xSZfjJ2/T9M+S6pFdcNtFYsp+Y43HYDQ=
github.com/go-logr/logr v1.2.4/go.mod h1:jdQByPbusPIv2/zmleS9BjJVeZ6kBagPoEUsqbVz/1A=
github.com/go-sql-driver/mysql v1.9.3 h1:U/N249h2WzJ3Ukj8SowVFjdtZKfu9vlLZxjPXV1aweo=
github.com/go-sql-driver/mysql v1.9.3/go.mod h1:qn46aNg1333BRMNU69Lq93t8du/dwxI64Gl8i5p1WMU=
github.com/godror/godror v0.49.4 h1:8kKWKoR17nPX7u10hr4GwD4u10hzTZED9ihdkuzRrKI=
github.com/godror/godror v0.49.4/go.mod h1:kTMcxZzRw73RT5kn9v3JkBK4kHI6dqowHotqV72ebU8=
github.com/godror/knownpb v0.3.0 h1:+caUdy8hTtl7X05aPl3tdL540TvCcaQA6woZQroLZMw=
github.com/godror/knownpb v0.3.0/go.mod h1:PpTyfJwiOEAzQl7NtVCM8kdPCnp3uhxsZYIzZ5PV4zU=
github.com/golang-sql/civil v0.0.0-20220223132316-b832511892a9 h1:au07oEsX2xN0ktxqI+Sida1w446QrXBRJ0nee3SNZlA=
github.com/golang-sql/civil v0.0.0-20220223132316-b832511892a9/go.mod h1:8vg3r2VgvsThLBIFL93Qb5yWzgyZWhEmBwUJWevAkK0=
github.com/golang-sql/sqlexp v0.1.0 h1:ZCD6MBpcuOVfGVqsEmY5/4FtYiKz6tSyUv9LPEDei6A=
github.com/golang-sql/sqlexp v0.1.0/go.mod h1:J4ad9Vo8ZCWQ2GMrC4UCQy1JpCbwU9m3EOqtpKwwwHI=
github.com/google/go-cmp v0.7.0 h1:wk8382ETsv4JYUZwIsn6YpYiWiBsYLSJiTsyBybVuN8=
github.com/google/go-cmp v0.7.0/go.mod h1:pXiqmnSA92OHEEa9HXL2W4E7lf9JzCmGVUdgjX3N/iU=
github.com/google/uuid v1.6.0 h1:NIvaJDMOsjHA8n1jAhLSgzrAzy1Hgr+hNrb57e+94F0=
github.com/google/uuid v1.6.0/go.mod h1:TIyPZe4MgqvfeYDBFedMoGGpEw/LqOeaOT+nhxU+yHo=
github.com/jackc/pgpassfile v1.0.0 h1:/6Hmqy13Ss2zCq62VdNG8tM1wchn8zjSGOBJ6icpsIM=
github.com/jackc/pgpassfile v1.0.0/go.mod h1:CEx0iS5ambNFdcRtxPj5JhEz+xB6uRky5eyVu/W2HEg=
github.com/jackc/pgservicefile v0.0.0-20231201235250-de7065d80cb9 h1:L0QtFUgDarD7Fpv9jeVMgy/+Ec0mtnmYuImjTz6dtDA=
github.com/jackc/pgservicefile v0.0.0-20231201235250-de7065d80cb9/go.mod h1:5TJZWKEWniPve33vlWYSoGYefn3gLQRzjfDlhSJ9ZKM=
github.com/jackc/pgx/v5 v5.5.5 h1:amBjrZVmksIdNjxGW/IiIMzxMKZFelXbUoPNb+8sjQw=
github.com/jackc/pgx/v5 v5.5.5/go.mod h1:ez9gk+OAat140fv9ErkZDYFWmXLfV+++K0uAOiwgm1A=
github.com/jackc/puddle/v2 v2.2.1 h1:RhxXJtFG022u4ibrCSMSiu5aOq1i77R3OHKNJj77OAk=
github.com/jackc/puddle/v2 v2.2.1/go.mod h1:vriiEXHvEE654aYKXXjOvZM39qJ0q+azkZFrfEOc3H4=
github.com/jinzhu/inflection v1.0.0 h1:K317FqzuhWc8YvSVlFMCCUb36O/S9MCKRDI7QkRKD/E=
github.com/jinzhu/inflection v1.0.0/go.mod h1:h+uFLlag+Qp1Va5pdKtLDYj+kHp5pxUVkryuEj+Srlc=
github.com/jinzhu/now v1.1.5 h1:/o9tlHleP7gOFmsnYNz3RGnqzefHA47wQpKrrdTIwXQ=
github.com/jinzhu/now v1.1.5/go.mod h1:d3SSVoowX0Lcu0IBviAWJpolVfI5UJVZZ7cO71lE/z8=
github.com/mattn/go-sqlite3 v1.14.22 h1:2gZY6PC6kBnID23Tichd1K+Z0oS6nE/XwU+Vz/5o4kU=
github.com/mattn/go-sqlite3 v1.14.22/go.mod h1:Uh1q+B4BYcTPb+yiD3kU8Ct7aC0hY9fxUwlHK0RXw+Y=
github.com/microsoft/go-mssqldb v1.7.2 h1:CHkFJiObW7ItKTJfHo1QX7QBBD1iV+mn1eOyRP3b/PA=
github.com/microsoft/go-mssqldb v1.7.2/go.mod h1:kOvZKUdrhhFQmxLZqbwUV0rHkNkZpthMITIb2Ko1IoA=
github.com/oklog/ulid/v2 v2.0.2 h1:r4fFzBm+bv0wNKNh5eXTwU7i85y5x+uwkxCUTNVQqLc=
github.com/oklog/ulid/v2 v2.0.2/go.mod h1:mtBL0Qe/0HAx6/a4Z30qxVIAL1eQDweXq5lxOEiwQ68=
golang.org/x/crypto v0.23.0 h1:dIJU/v2J8Mdglj/8rJ6UUOM3Zc9zLZxVZwwxMooUSAI=
golang.org/x/crypto v0.23.0/go.mod h1:CKFgDieR+mRhux2Lsu27y0fO304Db0wZe70UKqHu0v8=
golang.org/x/exp v0.0.0-20251023183803-a4bb9ffd2546 h1:mgKeJMpvi0yx/sU5GsxQ7p6s2wtOnGAHZWCHUM4KGzY=
golang.org/x/exp v0.0.0-20251023183803-a4bb9ffd2546/go.mod h1:j/pmGrbnkbPtQfxEe5D0VQhZC6qKbfKifgD0oM7sR70=
golang.org/x/sync v0.18.0 h1:kr88TuHDroi+UVf+0hZnirlk8o8T+4MrK6mr60WkH/I=
golang.org/x/sync v0.18.0/go.mod h1:9KTHXmSnoGruLpwFjVSX0lNNA75CykiMECbovNTZqGI=
golang.org/x/sys v0.38.0 h1:3yZWxaJjBmCWXqhN1qh02AkOnCQ1poK6oF+a7xWL6Gc=
golang.org/x/sys v0.38.0/go.mod h1:OgkHotnGiDImocRcuBABYBEXf8A9a87e/uXjp9XT3ks=
golang.org/x/term v0.37.0 h1:8EGAD0qCmHYZg6J17DvsMy9/wJ7/D/4pV/wfnld5lTU=
golang.org/x/term v0.37.0/go.mod h1:5pB4lxRNYYVZuTLmy8oR2BH8dflOR+IbTYFD8fi3254=
golang.org/x/text v0.31.0 h1:aC8ghyu4JhP8VojJ2lEHBnochRno1sgL6nEi9WGFGMM=
golang.org/x/text v0.31.0/go.mod h1:tKRAlv61yKIjGGHX/4tP1LTbc13YSec1pxVEWXzfoeM=
google.golang.org/protobuf v1.36.10 h1:AYd7cD/uASjIL6Q9LiTjz8JLcrh/88q5UObnmY3aOOE=
google.golang.org/protobuf v1.36.10/go.mod h1:HTf+CrKn2C3g5S8VImy6tdcUvCska2kB7j23XfzDpco=
gorm.io/datatypes v1.2.7 h1:ww9GAhF1aGXZY3EB3cJPJ7//JiuQo7DlQA7NNlVaTdk=
gorm.io/datatypes v1.2.7/go.mod h1:M2iO+6S3hhi4nAyYe444Pcb0dcIiOMJ7QHaUXxyiNZY=
gorm.io/driver/mysql v1.6.0 h1:eNbLmNTpPpTOVZi8MMxCi2aaIm0ZpInbORNXDwyLGvg=
gorm.io/driver/mysql v1.6.0/go.mod h1:D/oCC2GWK3M/dqoLxnOlaNKmXz8WNTfcS9y5ovaSqKo=
gorm.io/driver/postgres v1.5.0 h1:u2FXTy14l45qc3UeCJ7QaAXZmZfDDv0YrthvmRq1l0U=
gorm.io/driver/postgres v1.5.0/go.mod h1:FUZXzO+5Uqg5zzwzv4KK49R8lvGIyscBOqYrtI1Ce9A=
gorm.io/driver/sqlite v1.6.0 h1:WHRRrIiulaPiPFmDcod6prc4l2VGVWHz80KspNsxSfQ=
gorm.io/driver/sqlite v1.6.0/go.mod h1:AO9V1qIQddBESngQUKWL9yoH93HIeA1X6V633rBwyT8=
gorm.io/driver/sqlserver v1.6.0 h1:VZOBQVsVhkHU/NzNhRJKoANt5pZGQAS1Bwc6m6dgfnc=
gorm.io/driver/sqlserver v1.6.0/go.mod h1:WQzt4IJo/WHKnckU9jXBLMJIVNMVeTu25dnOzehntWw=
gorm.io/gorm v1.31.1 h1:7CA8FTFz/gRfgqgpeKIBcervUn3xSyPUmr6B2WXJ7kg=
gorm.io/gorm v1.31.1/go.mod h1:XyQVbO2k6YkOis7C2437jSit3SsDK72s7n7rsSHd+Gs=
